
Microsoft Visual Studio Solution File, Format Version 12.00
# Visual Studio Version 16
VisualStudioVersion = 16.0.31515.178
MinimumVisualStudioVersion = 10.0.40219.1
Project("{FAE04EC0-301F-11D3-BF4B-00C04F79EFBC}") = "Consulta", "Consulta\Consulta.csproj", "{9659BACC-5FED-4488-A583-41F85A6C6400}"
EndProject
Global
	GlobalSection(SolutionConfigurationPlatforms) = preSolution
		Debug|Any CPU = Debug|Any CPU
		Release|Any CPU = Release|Any CPU
	EndGlobalSection
	GlobalSection(ProjectConfigurationPlatforms) = postSolution
		{9659BACC-5FED-4488-A583-41F85A6C6400}.Debug|Any CPU.ActiveCfg = Debug|Any CPU
		{9659BACC-5FED-4488-A583-41F85A6C6400}.Debug|Any CPU.Build.0 = Debug|Any CPU
		{9659BACC-5FED-4488-A583-41F85A6C6400}.Release|Any CPU.ActiveCfg = Release|Any CPU
		{9659BACC-5FED-4488-A583-41F85A6C6400}.Release|Any CPU.Build.0 = Release|Any CPU
	EndGlobalSection
	GlobalSection(SolutionProperties) = preSolution
		HideSolutionNode = FALSE
	EndGlobalSection
	GlobalSection(ExtensibilityGlobals) = postSolution
		SolutionGuid = {CEC107A8-AE73-425C-B6D8-C19349708F8F}
	EndGlobalSection
EndGlobal
